{
    "_readme": [
        "This file locks the dependencies of your project to a known state",
        "Read more about it at http://getcomposer.org/doc/01-basic-usage.md#composer-lock-the-lock-file"
    ],
    "hash": "d812be14d77f5097b1acfb1515fa99ed",
    "packages": [

    ],
    "packages-dev": [
        {
            "name": "erebot/buildenv",
            "version": "dev-master",
            "source": {
                "type": "git",
                "url": "https://github.com/Erebot/Erebot_Buildenv.git",
                "reference": "03c621d56756a2412065ba6094034f5ca22f31c8"
            },
            "dist": {
                "type": "tar",
                "url": "https://packages.erebot.net:943/composer/erebot-buildenv-03c621d56756a2412065ba6094034f5ca22f31c8-zip-46b166.tar",
                "reference": "dev-master",
                "shasum": "0b97c2b2ef495c5be8b53ee7d508e8ccdbdde46c"
            },
            "require": {
                "phing/phing": ">=2.4.3",
                "php": ">=5.2.2"
            },
            "suggest": {
                "pdepend/pdepend": "Computes metrics on code quality",
                "phpmd/phpmd": "Detects overly complicated code patterns (mess detector)",
                "phpunit/phpunit": "Unit tests for PHP code",
                "sebastian/phpcpd": "Detects (ab)use of repeated code (copy-paste detector)",
                "squizlabs/php_codesniffer": "Detects violations of a set of predefined rules (>= 1.2.2 required)"
            },
            "type": "library",
            "extra": {
                "branch-alias": {
                    "dev-master": "1.0.x-dev"
                }
            },
            "license": [
                "GPL-3.0+"
            ],
            "authors": [
                {
                    "name": "François Poirotte",
                    "email": "clicky@erebot.net",
                    "role": "lead"
                }
            ],
            "description": "Build environment for the Erebot project",
            "homepage": "https://github.com/Erebot/Erebot_Buildenv",
            "keywords": [
                "Erebot"
            ],
            "support": {
                "email": "erebot@erebot.net",
                "issues": "https://github.com/Erebot/Erebot_Buildenv/issues",
                "wiki": "http://erebot.github.com/Erebot/",
                "irc": "irc://irc.iiens.net/Erebot",
                "source": "https://github.com/Erebot/Erebot_Buildenv"
            },
            "time": "2013-06-24 21:53:45"
        },
        {
            "name": "phing/phing",
            "version": "2.5.0",
            "source": {
                "type": "git",
                "url": "https://github.com/phingofficial/phing.git",
                "reference": "2.5.0"
            },
            "dist": {
                "type": "zip",
                "url": "https://api.github.com/repos/phingofficial/phing/zipball/2.5.0",
                "reference": "2.5.0",
                "shasum": ""
            },
            "require": {
                "php": ">=5.2.0"
            },
            "bin": [
                "bin/phing"
            ],
            "type": "library",
            "autoload": {
                "classmap": [
                    "classes/phing/"
                ]
            },
            "notification-url": "https://packagist.org/downloads/",
            "include-path": [
                "classes"
            ],
            "license": [
                "LGPL3"
            ],
            "authors": [
                {
                    "name": "Michiel Rook",
                    "email": "mrook@php.net"
                },
                {
                    "name": "Phing Community",
                    "homepage": "http://www.phing.info/trac/wiki/Development/Contributors"
                }
            ],
            "description": "PHing Is Not GNU make; it's a PHP project build system or build tool based on Apache Ant.",
            "homepage": "http://www.phing.info/",
            "keywords": [
                "build",
                "task",
                "tool"
            ],
            "time": "2013-02-16 14:23:57"
        }
    ],
    "aliases": [

    ],
    "minimum-stability": "stable",
    "stability-flags": {
        "erebot/buildenv": 20
    },
    "platform": {
        "php": ">=5.2.1",
        "ext-pcre": "*",
        "ext-sockets": "*",
        "ext-spl": "*"
    },
    "platform-dev": [

    ]
}
